
Microsoft Visual Studio Solution File, Format Version 12.00
# Visual Studio 15
VisualStudioVersion = 15.0.27428.2043
MinimumVisualStudioVersion = 10.0.40219.1
Project("{FAE04EC0-301F-11D3-BF4B-00C04F79EFBC}") = "Ejercicios", "Ejercicios\Ejercicios.csproj", "{2B1F1BC4-5258-4DFD-AF86-2BCA74165D33}"
EndProject
Global
	GlobalSection(SolutionConfigurationPlatforms) = preSolution
		Debug|Any CPU = Debug|Any CPU
		Release|Any CPU = Release|Any CPU
	EndGlobalSection
	GlobalSection(ProjectConfigurationPlatforms) = postSolution
		{2B1F1BC4-5258-4DFD-AF86-2BCA74165D33}.Debug|Any CPU.ActiveCfg = Debug|Any CPU
		{2B1F1BC4-5258-4DFD-AF86-2BCA74165D33}.Debug|Any CPU.Build.0 = Debug|Any CPU
		{2B1F1BC4-5258-4DFD-AF86-2BCA74165D33}.Release|Any CPU.ActiveCfg = Release|Any CPU
		{2B1F1BC4-5258-4DFD-AF86-2BCA74165D33}.Release|Any CPU.Build.0 = Release|Any CPU
	EndGlobalSection
	GlobalSection(SolutionProperties) = preSolution
		HideSolutionNode = FALSE
	EndGlobalSection
	GlobalSection(ExtensibilityGlobals) = postSolution
		SolutionGuid = {CC98A9FC-5786-4F08-8636-991335042F1E}
	EndGlobalSection
EndGlobal
